// !$*UTF8*$!
{
	archiveVersion = 1;
	classes = {
	};
	objectVersion = 46;
	objects = {

/* Begin PBXBuildFile section */
		CA33A97213CA4D3E001237E6 /* Cocoa.framework in Frameworks */ = {isa = PBXBuildFile; fileRef = CA33A97113CA4D3E001237E6 /* Cocoa.framework */; };
		CA33A97C13CA4D3E001237E6 /* InfoPlist.strings in Resources */ = {isa = PBXBuildFile; fileRef = CA33A97A13CA4D3E001237E6 /* InfoPlist.strings */; };
		CA33A97F13CA4D3E001237E6 /* main.m in Sources */ = {isa = PBXBuildFile; fileRef = CA33A97E13CA4D3E001237E6 /* main.m */; };
		CA33A98213CA4D3F001237E6 /* Credits.rtf in Resources */ = {isa = PBXBuildFile; fileRef = CA33A98013CA4D3F001237E6 /* Credits.rtf */; };
		CA33A98513CA4D3F001237E6 /* SoundArtistAppDelegate.m in Sources */ = {isa = PBXBuildFile; fileRef = CA33A98413CA4D3F001237E6 /* SoundArtistAppDelegate.m */; };
		CA33A98813CA4D3F001237E6 /* MainMenu.xib in Resources */ = {isa = PBXBuildFile; fileRef = CA33A98613CA4D3F001237E6 /* MainMenu.xib */; };
		CA33A99013CA5BB1001237E6 /* MainWindow.m in Sources */ = {isa = PBXBuildFile; fileRef = CA33A98F13CA5BB1001237E6 /* MainWindow.m */; };
		CA95731A13CCA4FF00E240B1 /* libfftw3.a in Frameworks */ = {isa = PBXBuildFile; fileRef = CA95731913CCA4FF00E240B1 /* libfftw3.a */; };
		CA9E0AC213CB6253005BB8E9 /* libsndfile.a in Frameworks */ = {isa = PBXBuildFile; fileRef = CA9E0AC113CB6253005BB8E9 /* libsndfile.a */; };
		CA9E0AC513CB6428005BB8E9 /* SoundFile.m in Sources */ = {isa = PBXBuildFile; fileRef = CA9E0AC413CB6428005BB8E9 /* SoundFile.m */; };
		CAFCEB3B13CB7CF200613D74 /* SoundArtist.icns in Resources */ = {isa = PBXBuildFile; fileRef = CAFCEB3A13CB7CF200613D74 /* SoundArtist.icns */; };
/* End PBXBuildFile section */

/* Begin PBXFileReference section */
		CA33A96D13CA4D3E001237E6 /* Sound Artist.app */ = {isa = PBXFileReference; explicitFileType = wrapper.application; includeInIndex = 0; path = "Sound Artist.app"; sourceTree = BUILT_PRODUCTS_DIR; };
		CA33A97113CA4D3E001237E6 /* Cocoa.framework */ = {isa = PBXFileReference; lastKnownFileType = wrapper.framework; name = Cocoa.framework; path = System/Library/Frameworks/Cocoa.framework; sourceTree = SDKROOT; };
		CA33A97413CA4D3E001237E6 /* AppKit.framework */ = {isa = PBXFileReference; lastKnownFileType = wrapper.framework; name = AppKit.framework; path = System/Library/Frameworks/AppKit.framework; sourceTree = SDKROOT; };
		CA33A97513CA4D3E001237E6 /* CoreData.framework */ = {isa = PBXFileReference; lastKnownFileType = wrapper.framework; name = CoreData.framework; path = System/Library/Frameworks/CoreData.framework; sourceTree = SDKROOT; };
		CA33A97613CA4D3E001237E6 /* Foundation.framework */ = {isa = PBXFileReference; lastKnownFileType = wrapper.framework; name = Foundation.framework; path = System/Library/Frameworks/Foundation.framework; sourceTree = SDKROOT; };
		CA33A97913CA4D3E001237E6 /* Sound Artist-Info.plist */ = {isa = PBXFileReference; lastKnownFileType = text.plist.xml; path = "Sound Artist-Info.plist"; sourceTree = "<group>"; };
		CA33A97B13CA4D3E001237E6 /* en */ = {isa = PBXFileReference; lastKnownFileType = text.plist.strings; name = en; path = en.lproj/InfoPlist.strings; sourceTree = "<group>"; };
		CA33A97D13CA4D3E001237E6 /* Sound Artist-Prefix.pch */ = {isa = PBXFileReference; lastKnownFileType = sourcecode.c.h; path = "Sound Artist-Prefix.pch"; sourceTree = "<group>"; };
		CA33A97E13CA4D3E001237E6 /* main.m */ = {isa = PBXFileReference; lastKnownFileType = sourcecode.c.objc; path = main.m; sourceTree = "<group>"; };
		CA33A98113CA4D3F001237E6 /* en */ = {isa = PBXFileReference; lastKnownFileType = text.rtf; name = en; path = en.lproj/Credits.rtf; sourceTree = "<group>"; };
		CA33A98313CA4D3F001237E6 /* SoundArtistAppDelegate.h */ = {isa = PBXFileReference; lastKnownFileType = sourcecode.c.h; path = SoundArtistAppDelegate.h; sourceTree = "<group>"; };
		CA33A98413CA4D3F001237E6 /* SoundArtistAppDelegate.m */ = {isa = PBXFileReference; lastKnownFileType = sourcecode.c.objc; path = SoundArtistAppDelegate.m; sourceTree = "<group>"; };
		CA33A98713CA4D3F001237E6 /* en */ = {isa = PBXFileReference; lastKnownFileType = file.xib; name = en; path = en.lproj/MainMenu.xib; sourceTree = "<group>"; };
		CA33A98E13CA5BB1001237E6 /* MainWindow.h */ = {isa = PBXFileReference; fileEncoding = 4; lastKnownFileType = sourcecode.c.h; path = MainWindow.h; sourceTree = "<group>"; };
		CA33A98F13CA5BB1001237E6 /* MainWindow.m */ = {isa = PBXFileReference; fileEncoding = 4; lastKnownFileType = sourcecode.c.objc; path = MainWindow.m; sourceTree = "<group>"; };
		CA95731713CCA4E500E240B1 /* fftw3.h */ = {isa = PBXFileReference; fileEncoding = 4; lastKnownFileType = sourcecode.c.h; path = fftw3.h; sourceTree = "<group>"; };
		CA95731913CCA4FF00E240B1 /* libfftw3.a */ = {isa = PBXFileReference; lastKnownFileType = archive.ar; path = libfftw3.a; sourceTree = "<group>"; };
		CA9E0ABF13CB60D2005BB8E9 /* sndfile.h */ = {isa = PBXFileReference; fileEncoding = 4; lastKnownFileType = sourcecode.c.h; path = sndfile.h; sourceTree = "<group>"; };
		CA9E0AC113CB6253005BB8E9 /* libsndfile.a */ = {isa = PBXFileReference; lastKnownFileType = archive.ar; path = libsndfile.a; sourceTree = "<group>"; };
		CA9E0AC313CB6428005BB8E9 /* SoundFile.h */ = {isa = PBXFileReference; fileEncoding = 4; lastKnownFileType = sourcecode.c.h; path = SoundFile.h; sourceTree = "<group>"; };
		CA9E0AC413CB6428005BB8E9 /* SoundFile.m */ = {isa = PBXFileReference; fileEncoding = 4; lastKnownFileType = sourcecode.c.objc; path = SoundFile.m; sourceTree = "<group>"; };
		CAFCEB3A13CB7CF200613D74 /* SoundArtist.icns */ = {isa = PBXFileReference; lastKnownFileType = image.icns; path = SoundArtist.icns; sourceTree = "<group>"; };
/* End PBXFileReference section */

/* Begin PBXFrameworksBuildPhase section */
		CA33A96A13CA4D3E001237E6 /* Frameworks */ = {
			isa = PBXFrameworksBuildPhase;
			buildActionMask = 2147483647;
			files = (
				CA33A97213CA4D3E001237E6 /* Cocoa.framework in Frameworks */,
				CA9E0AC213CB6253005BB8E9 /* libsndfile.a in Frameworks */,
				CA95731A13CCA4FF00E240B1 /* libfftw3.a in Frameworks */,
			);
			runOnlyForDeploymentPostprocessing = 0;
		};
/* End PBXFrameworksBuildPhase section */

/* Begin PBXGroup section */
		CA33A96213CA4D3E001237E6 = {
			isa = PBXGroup;
			children = (
				CAFCEB3A13CB7CF200613D74 /* SoundArtist.icns */,
				CA33A97713CA4D3E001237E6 /* Source Files */,
				CA95731B13CCA50C00E240B1 /* libfftw */,
				CA9E0AC013CB60E7005BB8E9 /* libsndfile */,
				CA33A97013CA4D3E001237E6 /* Frameworks */,
				CA33A96E13CA4D3E001237E6 /* Products */,
			);
			sourceTree = "<group>";
		};
		CA33A96E13CA4D3E001237E6 /* Products */ = {
			isa = PBXGroup;
			children = (
				CA33A96D13CA4D3E001237E6 /* Sound Artist.app */,
			);
			name = Products;
			sourceTree = "<group>";
		};
		CA33A97013CA4D3E001237E6 /* Frameworks */ = {
			isa = PBXGroup;
			children = (
				CA33A97113CA4D3E001237E6 /* Cocoa.framework */,
				CA33A97313CA4D3E001237E6 /* Other Frameworks */,
			);
			name = Frameworks;
			sourceTree = "<group>";
		};
		CA33A97313CA4D3E001237E6 /* Other Frameworks */ = {
			isa = PBXGroup;
			children = (
				CA33A97413CA4D3E001237E6 /* AppKit.framework */,
				CA33A97513CA4D3E001237E6 /* CoreData.framework */,
				CA33A97613CA4D3E001237E6 /* Foundation.framework */,
			);
			name = "Other Frameworks";
			sourceTree = "<group>";
		};
		CA33A97713CA4D3E001237E6 /* Source Files */ = {
			isa = PBXGroup;
			children = (
				CA33A97813CA4D3E001237E6 /* Supporting Files */,
				CA33A98E13CA5BB1001237E6 /* MainWindow.h */,
				CA33A98F13CA5BB1001237E6 /* MainWindow.m */,
				CA33A98313CA4D3F001237E6 /* SoundArtistAppDelegate.h */,
				CA33A98413CA4D3F001237E6 /* SoundArtistAppDelegate.m */,
				CA9E0AC313CB6428005BB8E9 /* SoundFile.h */,
				CA9E0AC413CB6428005BB8E9 /* SoundFile.m */,
				CA33A98613CA4D3F001237E6 /* MainMenu.xib */,
			);
			name = "Source Files";
			path = SoundArtist;
			sourceTree = "<group>";
		};
		CA33A97813CA4D3E001237E6 /* Supporting Files */ = {
			isa = PBXGroup;
			children = (
				CA33A97913CA4D3E001237E6 /* Sound Artist-Info.plist */,
				CA33A97A13CA4D3E001237E6 /* InfoPlist.strings */,
				CA33A97D13CA4D3E001237E6 /* Sound Artist-Prefix.pch */,
				CA33A97E13CA4D3E001237E6 /* main.m */,
				CA33A98013CA4D3F001237E6 /* Credits.rtf */,
			);
			name = "Supporting Files";
			sourceTree = "<group>";
		};
		CA95731B13CCA50C00E240B1 /* libfftw */ = {
			isa = PBXGroup;
			children = (
				CA95731913CCA4FF00E240B1 /* libfftw3.a */,
				CA95731713CCA4E500E240B1 /* fftw3.h */,
			);
			name = libfftw;
			path = SoundArtist;
			sourceTree = "<group>";
		};
		CA9E0AC013CB60E7005BB8E9 /* libsndfile */ = {
			isa = PBXGroup;
			children = (
				CA9E0AC113CB6253005BB8E9 /* libsndfile.a */,
				CA9E0ABF13CB60D2005BB8E9 /* sndfile.h */,
			);
			name = libsndfile;
			path = SoundArtist;
			sourceTree = "<group>";
		};
/* End PBXGroup section */

/* Begin PBXNativeTarget section */
		CA33A96C13CA4D3E001237E6 /* Sound Artist */ = {
			isa = PBXNativeTarget;
			buildConfigurationList = CA33A98B13CA4D3F001237E6 /* Build configuration list for PBXNativeTarget "Sound Artist" */;
			buildPhases = (
				CA33A96913CA4D3E001237E6 /* Sources */,
				CA33A96A13CA4D3E001237E6 /* Frameworks */,
				CA33A96B13CA4D3E001237E6 /* Resources */,
			);
			buildRules = (
			);
			dependencies = (
			);
			name = "Sound Artist";
			productName = SoundArtist;
			productReference = CA33A96D13CA4D3E001237E6 /* Sound Artist.app */;
			productType = "com.apple.product-type.application";
		};
/* End PBXNativeTarget section */

/* Begin PBXProject section */
		CA33A96413CA4D3E001237E6 /* Project object */ = {
			isa = PBXProject;
			attributes = {
				ORGANIZATIONNAME = "McMaster University";
			};
			buildConfigurationList = CA33A96713CA4D3E001237E6 /* Build configuration list for PBXProject "Sound Artist" */;
			compatibilityVersion = "Xcode 3.2";
			developmentRegion = English;
			hasScannedForEncodings = 0;
			knownRegions = (
				en,
			);
			mainGroup = CA33A96213CA4D3E001237E6;
			productRefGroup = CA33A96E13CA4D3E001237E6 /* Products */;
			projectDirPath = "";
			projectRoot = "";
			targets = (
				CA33A96C13CA4D3E001237E6 /* Sound Artist */,
			);
		};
/* End PBXProject section */

/* Begin PBXResourcesBuildPhase section */
		CA33A96B13CA4D3E001237E6 /* Resources */ = {
			isa = PBXResourcesBuildPhase;
			buildActionMask = 2147483647;
			files = (
				CA33A97C13CA4D3E001237E6 /* InfoPlist.strings in Resources */,
				CA33A98213CA4D3F001237E6 /* Credits.rtf in Resources */,
				CA33A98813CA4D3F001237E6 /* MainMenu.xib in Resources */,
				CAFCEB3B13CB7CF200613D74 /* SoundArtist.icns in Resources */,
			);
			runOnlyForDeploymentPostprocessing = 0;
		};
/* End PBXResourcesBuildPhase section */

/* Begin PBXSourcesBuildPhase section */
		CA33A96913CA4D3E001237E6 /* Sources */ = {
			isa = PBXSourcesBuildPhase;
			buildActionMask = 2147483647;
			files = (
				CA33A97F13CA4D3E001237E6 /* main.m in Sources */,
				CA33A98513CA4D3F001237E6 /* SoundArtistAppDelegate.m in Sources */,
				CA33A99013CA5BB1001237E6 /* MainWindow.m in Sources */,
				CA9E0AC513CB6428005BB8E9 /* SoundFile.m in Sources */,
			);
			runOnlyForDeploymentPostprocessing = 0;
		};
/* End PBXSourcesBuildPhase section */

/* Begin PBXVariantGroup section */
		CA33A97A13CA4D3E001237E6 /* InfoPlist.strings */ = {
			isa = PBXVariantGroup;
			children = (
				CA33A97B13CA4D3E001237E6 /* en */,
			);
			name = InfoPlist.strings;
			sourceTree = "<group>";
		};
		CA33A98013CA4D3F001237E6 /* Credits.rtf */ = {
			isa = PBXVariantGroup;
			children = (
				CA33A98113CA4D3F001237E6 /* en */,
			);
			name = Credits.rtf;
			sourceTree = "<group>";
		};
		CA33A98613CA4D3F001237E6 /* MainMenu.xib */ = {
			isa = PBXVariantGroup;
			children = (
				CA33A98713CA4D3F001237E6 /* en */,
			);
			name = MainMenu.xib;
			sourceTree = "<group>";
		};
/* End PBXVariantGroup section */

/* Begin XCBuildConfiguration section */
		CA33A98913CA4D3F001237E6 /* Debug */ = {
			isa = XCBuildConfiguration;
			buildSettings = {
				ARCHS = "$(ARCHS_STANDARD_32_64_BIT)";
				GCC_C_LANGUAGE_STANDARD = gnu99;
				GCC_OPTIMIZATION_LEVEL = 0;
				GCC_PREPROCESSOR_DEFINITIONS = DEBUG;
				GCC_SYMBOLS_PRIVATE_EXTERN = NO;
				GCC_VERSION = com.apple.compilers.llvm.clang.1_0;
				GCC_WARN_64_TO_32_BIT_CONVERSION = YES;
				GCC_WARN_ABOUT_RETURN_TYPE = YES;
				GCC_WARN_UNUSED_VARIABLE = YES;
				MACOSX_DEPLOYMENT_TARGET = 10.6;
				ONLY_ACTIVE_ARCH = YES;
				SDKROOT = macosx;
			};
			name = Debug;
		};
		CA33A98A13CA4D3F001237E6 /* Release */ = {
			isa = XCBuildConfiguration;
			buildSettings = {
				ARCHS = "$(ARCHS_STANDARD_32_64_BIT)";
				GCC_C_LANGUAGE_STANDARD = gnu99;
				GCC_VERSION = com.apple.compilers.llvm.clang.1_0;
				GCC_WARN_64_TO_32_BIT_CONVERSION = YES;
				GCC_WARN_ABOUT_RETURN_TYPE = YES;
				GCC_WARN_UNUSED_VARIABLE = YES;
				MACOSX_DEPLOYMENT_TARGET = 10.6;
				SDKROOT = macosx;
			};
			name = Release;
		};
		CA33A98C13CA4D3F001237E6 /* Debug */ = {
			isa = XCBuildConfiguration;
			buildSettings = {
				ALWAYS_SEARCH_USER_PATHS = NO;
				COPY_PHASE_STRIP = NO;
				FRAMEWORK_SEARCH_PATHS = (
					"$(inherited)",
					"\"$(SRCROOT)\"",
				);
				GCC_DYNAMIC_NO_PIC = NO;
				GCC_ENABLE_OBJC_EXCEPTIONS = YES;
				GCC_PRECOMPILE_PREFIX_HEADER = YES;
				GCC_PREFIX_HEADER = "SoundArtist/Sound Artist-Prefix.pch";
				INFOPLIST_FILE = "SoundArtist/Sound Artist-Info.plist";
				LIBRARY_SEARCH_PATHS = (
					"$(inherited)",
					"\"$(SRCROOT)/SoundArtist\"",
				);
				MACOSX_DEPLOYMENT_TARGET = 10.5;
				PRODUCT_NAME = "Sound Artist";
				WRAPPER_EXTENSION = app;
			};
			name = Debug;
		};
		CA33A98D13CA4D3F001237E6 /* Release */ = {
			isa = XCBuildConfiguration;
			buildSettings = {
				ALWAYS_SEARCH_USER_PATHS = NO;
				COPY_PHASE_STRIP = YES;
				DEBUG_INFORMATION_FORMAT = "dwarf-with-dsym";
				FRAMEWORK_SEARCH_PATHS = (
					"$(inherited)",
					"\"$(SRCROOT)\"",
				);
				GCC_ENABLE_OBJC_EXCEPTIONS = YES;
				GCC_PRECOMPILE_PREFIX_HEADER = YES;
				GCC_PREFIX_HEADER = "SoundArtist/Sound Artist-Prefix.pch";
				INFOPLIST_FILE = "SoundArtist/Sound Artist-Info.plist";
				LIBRARY_SEARCH_PATHS = (
					"$(inherited)",
					"\"$(SRCROOT)/SoundArtist\"",
				);
				MACOSX_DEPLOYMENT_TARGET = 10.5;
				PRODUCT_NAME = "Sound Artist";
				WRAPPER_EXTENSION = app;
			};
			name = Release;
		};
/* End XCBuildConfiguration section */

/* Begin XCConfigurationList section */
		CA33A96713CA4D3E001237E6 /* Build configuration list for PBXProject "Sound Artist" */ = {
			isa = XCConfigurationList;
			buildConfigurations = (
				CA33A98913CA4D3F001237E6 /* Debug */,
				CA33A98A13CA4D3F001237E6 /* Release */,
			);
			defaultConfigurationIsVisible = 0;
			defaultConfigurationName = Release;
		};
		CA33A98B13CA4D3F001237E6 /* Build configuration list for PBXNativeTarget "Sound Artist" */ = {
			isa = XCConfigurationList;
			buildConfigurations = (
				CA33A98C13CA4D3F001237E6 /* Debug */,
				CA33A98D13CA4D3F001237E6 /* Release */,
			);
			defaultConfigurationIsVisible = 0;
			defaultConfigurationName = Release;
		};
/* End XCConfigurationList section */
	};
	rootObject = CA33A96413CA4D3E001237E6 /* Project object */;
}
